{
  "requires": true,
  "lockfileVersion": 1,
  "dependencies": {
    "@ai-r/cogment-js-sdk": {
      "version": "1.7.3",
      "resolved": "https://gitlab.com/api/v4/projects/22532182/packages/npm/@ai-r/cogment-js-sdk/-/@ai-r/cogment-js-sdk-1.7.3.tgz",
      "integrity": "sha1-ZIMpFsplt94h1hyWwT7NGask87w=",
      "requires": {
        "@improbable-eng/grpc-web": "^0.13.0",
        "debug": "^4.3.1"
      }
    },
    "@improbable-eng/grpc-web": {
      "version": "0.13.0",
      "resolved": "https://registry.npmjs.org/@improbable-eng/grpc-web/-/grpc-web-0.13.0.tgz",
      "integrity": "sha512-vaxxT+Qwb7GPqDQrBV4vAAfH0HywgOLw6xGIKXd9Q8hcV63CQhmS3p4+pZ9/wVvt4Ph3ZDK9fdC983b9aGMUFg==",
      "requires": {
        "browser-headers": "^0.4.0"
      }
    },
    "browser-headers": {
      "version": "0.4.1",
      "resolved": "https://registry.npmjs.org/browser-headers/-/browser-headers-0.4.1.tgz",
      "integrity": "sha512-CA9hsySZVo9371qEHjHZtYxV2cFtVj5Wj/ZHi8ooEsrtm4vOnl9Y9HmyYWk9q+05d7K3rdoAE0j3MVEFVvtQtg=="
    },
    "debug": {
      "version": "4.3.1",
      "resolved": "https://registry.npmjs.org/debug/-/debug-4.3.1.tgz",
      "integrity": "sha512-doEwdvm4PCeK4K3RQN2ZC2BYUBaxwLARCqZmMjtF8a51J2Rb0xpVloFRnCODwqjpwnAoao4pelN8l3RJdv3gRQ==",
      "requires": {
        "ms": "2.1.2"
      }
    },
    "ms": {
      "version": "2.1.2",
      "resolved": "https://registry.npmjs.org/ms/-/ms-2.1.2.tgz",
      "integrity": "sha512-sGkPx+VjMtmA6MX27oA4FBFELFCZZ4S4XqeGOXCv68tT+jb3vk/RyaKWP0PTKyWtmLSM0b+adUTEvbs1PEaH2w=="
    }
  }
}
